// !$*UTF8*$!
{
	archiveVersion = 1;
	classes = {
	};
	objectVersion = 46;
	objects = {

/* Begin PBXBuildFile section */
		7E3FEFC91B26E6610003ADD4 /* main.m in Sources */ = {isa = PBXBuildFile; fileRef = 7E3FEFC81B26E6610003ADD4 /* main.m */; };
		7E3FEFCC1B26E6610003ADD4 /* AppDelegate.m in Sources */ = {isa = PBXBuildFile; fileRef = 7E3FEFCB1B26E6610003ADD4 /* AppDelegate.m */; };
		7E3FEFCF1B26E6610003ADD4 /* ViewController.m in Sources */ = {isa = PBXBuildFile; fileRef = 7E3FEFCE1B26E6610003ADD4 /* ViewController.m */; };
		7E3FEFD21B26E6610003ADD4 /* Main.storyboard in Resources */ = {isa = PBXBuildFile; fileRef = 7E3FEFD01B26E6610003ADD4 /* Main.storyboard */; };
		7E3FEFD41B26E6610003ADD4 /* Images.xcassets in Resources */ = {isa = PBXBuildFile; fileRef = 7E3FEFD31B26E6610003ADD4 /* Images.xcassets */; };
		7E3FEFD71B26E6610003ADD4 /* LaunchScreen.xib in Resources */ = {isa = PBXBuildFile; fileRef = 7E3FEFD51B26E6610003ADD4 /* LaunchScreen.xib */; };
		7E3FEFE31B26E6610003ADD4 /* RefreshViewTests.m in Sources */ = {isa = PBXBuildFile; fileRef = 7E3FEFE21B26E6610003ADD4 /* RefreshViewTests.m */; };
		7E3FEFF51B297E990003ADD4 /* LoadController.m in Sources */ = {isa = PBXBuildFile; fileRef = 7E3FEFF41B297E990003ADD4 /* LoadController.m */; };
		7EB497211CAE1DEB00F9B64E /* UIScrollView+Load.m in Sources */ = {isa = PBXBuildFile; fileRef = 7EB497201CAE1DEB00F9B64E /* UIScrollView+Load.m */; };
		7EE9B5DF1B32934A0081B4FD /* LoadView.m in Sources */ = {isa = PBXBuildFile; fileRef = 7EE9B5DE1B32934A0081B4FD /* LoadView.m */; };
		B32F76271DF0113B004481B3 /* LMView.m in Sources */ = {isa = PBXBuildFile; fileRef = B32F76261DF0113B004481B3 /* LMView.m */; };
		B32F76291DF0518A004481B3 /* LoadController.podspec in Resources */ = {isa = PBXBuildFile; fileRef = B32F76281DF0518A004481B3 /* LoadController.podspec */; };
		B3D7238D1F94CEA7008AB181 /* LRLConditionHandler.m in Sources */ = {isa = PBXBuildFile; fileRef = B3D723861F94CEA7008AB181 /* LRLConditionHandler.m */; };
		B3D7238E1F94CEA7008AB181 /* LRLContentHandler.m in Sources */ = {isa = PBXBuildFile; fileRef = B3D723881F94CEA7008AB181 /* LRLContentHandler.m */; };
		B3D7238F1F94CEA7008AB181 /* LRLFrameHandler.m in Sources */ = {isa = PBXBuildFile; fileRef = B3D7238A1F94CEA7008AB181 /* LRLFrameHandler.m */; };
		B3D723901F94CEA7008AB181 /* LRLHandler.m in Sources */ = {isa = PBXBuildFile; fileRef = B3D7238C1F94CEA7008AB181 /* LRLHandler.m */; };
/* End PBXBuildFile section */

/* Begin PBXContainerItemProxy section */
		7E3FEFDD1B26E6610003ADD4 /* PBXContainerItemProxy */ = {
			isa = PBXContainerItemProxy;
			containerPortal = 7E3FEFBB1B26E6600003ADD4 /* Project object */;
			proxyType = 1;
			remoteGlobalIDString = 7E3FEFC21B26E6600003ADD4;
			remoteInfo = RefreshView;
		};
/* End PBXContainerItemProxy section */

/* Begin PBXFileReference section */
		7E3FEFC31B26E6600003ADD4 /* RefreshView.app */ = {isa = PBXFileReference; explicitFileType = wrapper.application; includeInIndex = 0; path = RefreshView.app; sourceTree = BUILT_PRODUCTS_DIR; };
		7E3FEFC71B26E6610003ADD4 /* Info.plist */ = {isa = PBXFileReference; lastKnownFileType = text.plist.xml; path = Info.plist; sourceTree = "<group>"; };
		7E3FEFC81B26E6610003ADD4 /* main.m */ = {isa = PBXFileReference; lastKnownFileType = sourcecode.c.objc; path = main.m; sourceTree = "<group>"; };
		7E3FEFCA1B26E6610003ADD4 /* AppDelegate.h */ = {isa = PBXFileReference; lastKnownFileType = sourcecode.c.h; path = AppDelegate.h; sourceTree = "<group>"; };
		7E3FEFCB1B26E6610003ADD4 /* AppDelegate.m */ = {isa = PBXFileReference; lastKnownFileType = sourcecode.c.objc; path = AppDelegate.m; sourceTree = "<group>"; };
		7E3FEFCD1B26E6610003ADD4 /* ViewController.h */ = {isa = PBXFileReference; lastKnownFileType = sourcecode.c.h; path = ViewController.h; sourceTree = "<group>"; };
		7E3FEFCE1B26E6610003ADD4 /* ViewController.m */ = {isa = PBXFileReference; lastKnownFileType = sourcecode.c.objc; path = ViewController.m; sourceTree = "<group>"; };
		7E3FEFD11B26E6610003ADD4 /* Base */ = {isa = PBXFileReference; lastKnownFileType = file.storyboard; name = Base; path = Base.lproj/Main.storyboard; sourceTree = "<group>"; };
		7E3FEFD31B26E6610003ADD4 /* Images.xcassets */ = {isa = PBXFileReference; lastKnownFileType = folder.assetcatalog; path = Images.xcassets; sourceTree = "<group>"; };
		7E3FEFD61B26E6610003ADD4 /* Base */ = {isa = PBXFileReference; lastKnownFileType = file.xib; name = Base; path = Base.lproj/LaunchScreen.xib; sourceTree = "<group>"; };
		7E3FEFDC1B26E6610003ADD4 /* RefreshViewTests.xctest */ = {isa = PBXFileReference; explicitFileType = wrapper.cfbundle; includeInIndex = 0; path = RefreshViewTests.xctest; sourceTree = BUILT_PRODUCTS_DIR; };
		7E3FEFE11B26E6610003ADD4 /* Info.plist */ = {isa = PBXFileReference; lastKnownFileType = text.plist.xml; path = Info.plist; sourceTree = "<group>"; };
		7E3FEFE21B26E6610003ADD4 /* RefreshViewTests.m */ = {isa = PBXFileReference; lastKnownFileType = sourcecode.c.objc; path = RefreshViewTests.m; sourceTree = "<group>"; };
		7E3FEFF31B297E990003ADD4 /* LoadController.h */ = {isa = PBXFileReference; fileEncoding = 4; lastKnownFileType = sourcecode.c.h; name = LoadController.h; path = RefreshView/LoadController.h; sourceTree = "<group>"; };
		7E3FEFF41B297E990003ADD4 /* LoadController.m */ = {isa = PBXFileReference; fileEncoding = 4; lastKnownFileType = sourcecode.c.objc; name = LoadController.m; path = RefreshView/LoadController.m; sourceTree = "<group>"; };
		7EB4971F1CAE1DEB00F9B64E /* UIScrollView+Load.h */ = {isa = PBXFileReference; fileEncoding = 4; lastKnownFileType = sourcecode.c.h; name = "UIScrollView+Load.h"; path = "RefreshView/UIScrollView+Load.h"; sourceTree = "<group>"; };
		7EB497201CAE1DEB00F9B64E /* UIScrollView+Load.m */ = {isa = PBXFileReference; fileEncoding = 4; lastKnownFileType = sourcecode.c.objc; name = "UIScrollView+Load.m"; path = "RefreshView/UIScrollView+Load.m"; sourceTree = "<group>"; };
		7EE9B5DD1B32934A0081B4FD /* LoadView.h */ = {isa = PBXFileReference; fileEncoding = 4; lastKnownFileType = sourcecode.c.h; name = LoadView.h; path = RefreshView/LoadView.h; sourceTree = "<group>"; };
		7EE9B5DE1B32934A0081B4FD /* LoadView.m */ = {isa = PBXFileReference; fileEncoding = 4; lastKnownFileType = sourcecode.c.objc; name = LoadView.m; path = RefreshView/LoadView.m; sourceTree = "<group>"; };
		B32F76251DF0113B004481B3 /* LMView.h */ = {isa = PBXFileReference; fileEncoding = 4; lastKnownFileType = sourcecode.c.h; path = LMView.h; sourceTree = "<group>"; };
		B32F76261DF0113B004481B3 /* LMView.m */ = {isa = PBXFileReference; fileEncoding = 4; lastKnownFileType = sourcecode.c.objc; path = LMView.m; sourceTree = "<group>"; };
		B32F76281DF0518A004481B3 /* LoadController.podspec */ = {isa = PBXFileReference; fileEncoding = 4; lastKnownFileType = text; path = LoadController.podspec; sourceTree = "<group>"; };
		B3D723851F94CEA7008AB181 /* LRLConditionHandler.h */ = {isa = PBXFileReference; fileEncoding = 4; lastKnownFileType = sourcecode.c.h; name = LRLConditionHandler.h; path = RefreshView/LRLConditionHandler.h; sourceTree = "<group>"; };
		B3D723861F94CEA7008AB181 /* LRLConditionHandler.m */ = {isa = PBXFileReference; fileEncoding = 4; lastKnownFileType = sourcecode.c.objc; name = LRLConditionHandler.m; path = RefreshView/LRLConditionHandler.m; sourceTree = "<group>"; };
		B3D723871F94CEA7008AB181 /* LRLContentHandler.h */ = {isa = PBXFileReference; fileEncoding = 4; lastKnownFileType = sourcecode.c.h; name = LRLContentHandler.h; path = RefreshView/LRLContentHandler.h; sourceTree = "<group>"; };
		B3D723881F94CEA7008AB181 /* LRLContentHandler.m */ = {isa = PBXFileReference; fileEncoding = 4; lastKnownFileType = sourcecode.c.objc; name = LRLContentHandler.m; path = RefreshView/LRLContentHandler.m; sourceTree = "<group>"; };
		B3D723891F94CEA7008AB181 /* LRLFrameHandler.h */ = {isa = PBXFileReference; fileEncoding = 4; lastKnownFileType = sourcecode.c.h; name = LRLFrameHandler.h; path = RefreshView/LRLFrameHandler.h; sourceTree = "<group>"; };
		B3D7238A1F94CEA7008AB181 /* LRLFrameHandler.m */ = {isa = PBXFileReference; fileEncoding = 4; lastKnownFileType = sourcecode.c.objc; name = LRLFrameHandler.m; path = RefreshView/LRLFrameHandler.m; sourceTree = "<group>"; };
		B3D7238B1F94CEA7008AB181 /* LRLHandler.h */ = {isa = PBXFileReference; fileEncoding = 4; lastKnownFileType = sourcecode.c.h; name = LRLHandler.h; path = RefreshView/LRLHandler.h; sourceTree = "<group>"; };
		B3D7238C1F94CEA7008AB181 /* LRLHandler.m */ = {isa = PBXFileReference; fileEncoding = 4; lastKnownFileType = sourcecode.c.objc; name = LRLHandler.m; path = RefreshView/LRLHandler.m; sourceTree = "<group>"; };
/* End PBXFileReference section */

/* Begin PBXFrameworksBuildPhase section */
		7E3FEFC01B26E6600003ADD4 /* Frameworks */ = {
			isa = PBXFrameworksBuildPhase;
			buildActionMask = 2147483647;
			files = (
			);
			runOnlyForDeploymentPostprocessing = 0;
		};
		7E3FEFD91B26E6610003ADD4 /* Frameworks */ = {
			isa = PBXFrameworksBuildPhase;
			buildActionMask = 2147483647;
			files = (
			);
			runOnlyForDeploymentPostprocessing = 0;
		};
/* End PBXFrameworksBuildPhase section */

/* Begin PBXGroup section */
		7E3FEFBA1B26E6600003ADD4 = {
			isa = PBXGroup;
			children = (
				B32F76281DF0518A004481B3 /* LoadController.podspec */,
				7E3FEFC51B26E6600003ADD4 /* RefreshView */,
				7E3FEFDF1B26E6610003ADD4 /* RefreshViewTests */,
				7E3FEFC41B26E6600003ADD4 /* Products */,
			);
			sourceTree = "<group>";
		};
		7E3FEFC41B26E6600003ADD4 /* Products */ = {
			isa = PBXGroup;
			children = (
				7E3FEFC31B26E6600003ADD4 /* RefreshView.app */,
				7E3FEFDC1B26E6610003ADD4 /* RefreshViewTests.xctest */,
			);
			name = Products;
			sourceTree = "<group>";
		};
		7E3FEFC51B26E6600003ADD4 /* RefreshView */ = {
			isa = PBXGroup;
			children = (
				7E3FEFCA1B26E6610003ADD4 /* AppDelegate.h */,
				7E3FEFCB1B26E6610003ADD4 /* AppDelegate.m */,
				7E3FEFCD1B26E6610003ADD4 /* ViewController.h */,
				7E3FEFCE1B26E6610003ADD4 /* ViewController.m */,
				B32F76251DF0113B004481B3 /* LMView.h */,
				B32F76261DF0113B004481B3 /* LMView.m */,
				7E3FEFD01B26E6610003ADD4 /* Main.storyboard */,
				7E3FEFEC1B26E8E00003ADD4 /* RefreshView */,
				7E3FEFD31B26E6610003ADD4 /* Images.xcassets */,
				7E3FEFD51B26E6610003ADD4 /* LaunchScreen.xib */,
				7E3FEFC61B26E6610003ADD4 /* Supporting Files */,
			);
			path = RefreshView;
			sourceTree = "<group>";
		};
		7E3FEFC61B26E6610003ADD4 /* Supporting Files */ = {
			isa = PBXGroup;
			children = (
				7E3FEFC71B26E6610003ADD4 /* Info.plist */,
				7E3FEFC81B26E6610003ADD4 /* main.m */,
			);
			name = "Supporting Files";
			sourceTree = "<group>";
		};
		7E3FEFDF1B26E6610003ADD4 /* RefreshViewTests */ = {
			isa = PBXGroup;
			children = (
				7E3FEFE21B26E6610003ADD4 /* RefreshViewTests.m */,
				7E3FEFE01B26E6610003ADD4 /* Supporting Files */,
			);
			path = RefreshViewTests;
			sourceTree = "<group>";
		};
		7E3FEFE01B26E6610003ADD4 /* Supporting Files */ = {
			isa = PBXGroup;
			children = (
				7E3FEFE11B26E6610003ADD4 /* Info.plist */,
			);
			name = "Supporting Files";
			sourceTree = "<group>";
		};
		7E3FEFEC1B26E8E00003ADD4 /* RefreshView */ = {
			isa = PBXGroup;
			children = (
				7E3FEFF31B297E990003ADD4 /* LoadController.h */,
				7E3FEFF41B297E990003ADD4 /* LoadController.m */,
				B37FF3F31F91FC70007CAE7A /* Handler */,
				7EE9B5DD1B32934A0081B4FD /* LoadView.h */,
				7EE9B5DE1B32934A0081B4FD /* LoadView.m */,
				7EB4971F1CAE1DEB00F9B64E /* UIScrollView+Load.h */,
				7EB497201CAE1DEB00F9B64E /* UIScrollView+Load.m */,
			);
			name = RefreshView;
			sourceTree = "<group>";
		};
		B37FF3F31F91FC70007CAE7A /* Handler */ = {
			isa = PBXGroup;
			children = (
				B3D723851F94CEA7008AB181 /* LRLConditionHandler.h */,
				B3D723861F94CEA7008AB181 /* LRLConditionHandler.m */,
				B3D723871F94CEA7008AB181 /* LRLContentHandler.h */,
				B3D723881F94CEA7008AB181 /* LRLContentHandler.m */,
				B3D723891F94CEA7008AB181 /* LRLFrameHandler.h */,
				B3D7238A1F94CEA7008AB181 /* LRLFrameHandler.m */,
				B3D7238B1F94CEA7008AB181 /* LRLHandler.h */,
				B3D7238C1F94CEA7008AB181 /* LRLHandler.m */,
			);
			name = Handler;
			sourceTree = "<group>";
		};
/* End PBXGroup section */

/* Begin PBXNativeTarget section */
		7E3FEFC21B26E6600003ADD4 /* RefreshView */ = {
			isa = PBXNativeTarget;
			buildConfigurationList = 7E3FEFE61B26E6610003ADD4 /* Build configuration list for PBXNativeTarget "RefreshView" */;
			buildPhases = (
				7E3FEFBF1B26E6600003ADD4 /* Sources */,
				7E3FEFC01B26E6600003ADD4 /* Frameworks */,
				7E3FEFC11B26E6600003ADD4 /* Resources */,
			);
			buildRules = (
			);
			dependencies = (
			);
			name = RefreshView;
			productName = RefreshView;
			productReference = 7E3FEFC31B26E6600003ADD4 /* RefreshView.app */;
			productType = "com.apple.product-type.application";
		};
		7E3FEFDB1B26E6610003ADD4 /* RefreshViewTests */ = {
			isa = PBXNativeTarget;
			buildConfigurationList = 7E3FEFE91B26E6610003ADD4 /* Build configuration list for PBXNativeTarget "RefreshViewTests" */;
			buildPhases = (
				7E3FEFD81B26E6610003ADD4 /* Sources */,
				7E3FEFD91B26E6610003ADD4 /* Frameworks */,
				7E3FEFDA1B26E6610003ADD4 /* Resources */,
			);
			buildRules = (
			);
			dependencies = (
				7E3FEFDE1B26E6610003ADD4 /* PBXTargetDependency */,
			);
			name = RefreshViewTests;
			productName = RefreshViewTests;
			productReference = 7E3FEFDC1B26E6610003ADD4 /* RefreshViewTests.xctest */;
			productType = "com.apple.product-type.bundle.unit-test";
		};
/* End PBXNativeTarget section */

/* Begin PBXProject section */
		7E3FEFBB1B26E6600003ADD4 /* Project object */ = {
			isa = PBXProject;
			attributes = {
				LastUpgradeCheck = 0930;
				ORGANIZATIONNAME = ileo;
				TargetAttributes = {
					7E3FEFC21B26E6600003ADD4 = {
						CreatedOnToolsVersion = 6.3.2;
						DevelopmentTeam = 9MDFP7US47;
					};
					7E3FEFDB1B26E6610003ADD4 = {
						CreatedOnToolsVersion = 6.3.2;
						TestTargetID = 7E3FEFC21B26E6600003ADD4;
					};
				};
			};
			buildConfigurationList = 7E3FEFBE1B26E6600003ADD4 /* Build configuration list for PBXProject "RefreshView" */;
			compatibilityVersion = "Xcode 3.2";
			developmentRegion = English;
			hasScannedForEncodings = 0;
			knownRegions = (
				en,
				Base,
			);
			mainGroup = 7E3FEFBA1B26E6600003ADD4;
			productRefGroup = 7E3FEFC41B26E6600003ADD4 /* Products */;
			projectDirPath = "";
			projectRoot = "";
			targets = (
				7E3FEFC21B26E6600003ADD4 /* RefreshView */,
				7E3FEFDB1B26E6610003ADD4 /* RefreshViewTests */,
			);
		};
/* End PBXProject section */

/* Begin PBXResourcesBuildPhase section */
		7E3FEFC11B26E6600003ADD4 /* Resources */ = {
			isa = PBXResourcesBuildPhase;
			buildActionMask = 2147483647;
			files = (
				7E3FEFD21B26E6610003ADD4 /* Main.storyboard in Resources */,
				B32F76291DF0518A004481B3 /* LoadController.podspec in Resources */,
				7E3FEFD71B26E6610003ADD4 /* LaunchScreen.xib in Resources */,
				7E3FEFD41B26E6610003ADD4 /* Images.xcassets in Resources */,
			);
			runOnlyForDeploymentPostprocessing = 0;
		};
		7E3FEFDA1B26E6610003ADD4 /* Resources */ = {
			isa = PBXResourcesBuildPhase;
			buildActionMask = 2147483647;
			files = (
			);
			runOnlyForDeploymentPostprocessing = 0;
		};
/* End PBXResourcesBuildPhase section */

/* Begin PBXSourcesBuildPhase section */
		7E3FEFBF1B26E6600003ADD4 /* Sources */ = {
			isa = PBXSourcesBuildPhase;
			buildActionMask = 2147483647;
			files = (
				7E3FEFCF1B26E6610003ADD4 /* ViewController.m in Sources */,
				7E3FEFCC1B26E6610003ADD4 /* AppDelegate.m in Sources */,
				7EE9B5DF1B32934A0081B4FD /* LoadView.m in Sources */,
				B3D7238F1F94CEA7008AB181 /* LRLFrameHandler.m in Sources */,
				7E3FEFF51B297E990003ADD4 /* LoadController.m in Sources */,
				B3D7238E1F94CEA7008AB181 /* LRLContentHandler.m in Sources */,
				B3D723901F94CEA7008AB181 /* LRLHandler.m in Sources */,
				7EB497211CAE1DEB00F9B64E /* UIScrollView+Load.m in Sources */,
				7E3FEFC91B26E6610003ADD4 /* main.m in Sources */,
				B32F76271DF0113B004481B3 /* LMView.m in Sources */,
				B3D7238D1F94CEA7008AB181 /* LRLConditionHandler.m in Sources */,
			);
			runOnlyForDeploymentPostprocessing = 0;
		};
		7E3FEFD81B26E6610003ADD4 /* Sources */ = {
			isa = PBXSourcesBuildPhase;
			buildActionMask = 2147483647;
			files = (
				7E3FEFE31B26E6610003ADD4 /* RefreshViewTests.m in Sources */,
			);
			runOnlyForDeploymentPostprocessing = 0;
		};
/* End PBXSourcesBuildPhase section */

/* Begin PBXTargetDependency section */
		7E3FEFDE1B26E6610003ADD4 /* PBXTargetDependency */ = {
			isa = PBXTargetDependency;
			target = 7E3FEFC21B26E6600003ADD4 /* RefreshView */;
			targetProxy = 7E3FEFDD1B26E6610003ADD4 /* PBXContainerItemProxy */;
		};
/* End PBXTargetDependency section */

/* Begin PBXVariantGroup section */
		7E3FEFD01B26E6610003ADD4 /* Main.storyboard */ = {
			isa = PBXVariantGroup;
			children = (
				7E3FEFD11B26E6610003ADD4 /* Base */,
			);
			name = Main.storyboard;
			sourceTree = "<group>";
		};
		7E3FEFD51B26E6610003ADD4 /* LaunchScreen.xib */ = {
			isa = PBXVariantGroup;
			children = (
				7E3FEFD61B26E6610003ADD4 /* Base */,
			);
			name = LaunchScreen.xib;
			sourceTree = "<group>";
		};
/* End PBXVariantGroup section */

/* Begin XCBuildConfiguration section */
		7E3FEFE41B26E6610003ADD4 /* Debug */ = {
			isa = XCBuildConfiguration;
			buildSettings = {
				ALWAYS_SEARCH_USER_PATHS = NO;
				CLANG_CXX_LANGUAGE_STANDARD = "gnu++0x";
				CLANG_CXX_LIBRARY = "libc++";
				CLANG_ENABLE_MODULES = YES;
				CLANG_ENABLE_OBJC_ARC = YES;
				CLANG_WARN_BLOCK_CAPTURE_AUTORELEASING = YES;
				CLANG_WARN_BOOL_CONVERSION = YES;
				CLANG_WARN_COMMA = YES;
				CLANG_WARN_CONSTANT_CONVERSION = YES;
				CLANG_WARN_DEPRECATED_OBJC_IMPLEMENTATIONS = YES;
				CLANG_WARN_DIRECT_OBJC_ISA_USAGE = YES_ERROR;
				CLANG_WARN_EMPTY_BODY = YES;
				CLANG_WARN_ENUM_CONVERSION = YES;
				CLANG_WARN_INFINITE_RECURSION = YES;
				CLANG_WARN_INT_CONVERSION = YES;
				CLANG_WARN_NON_LITERAL_NULL_CONVERSION = YES;
				CLANG_WARN_OBJC_IMPLICIT_RETAIN_SELF = YES;
				CLANG_WARN_OBJC_LITERAL_CONVERSION = YES;
				CLANG_WARN_OBJC_ROOT_CLASS = YES_ERROR;
				CLANG_WARN_RANGE_LOOP_ANALYSIS = YES;
				CLANG_WARN_STRICT_PROTOTYPES = YES;
				CLANG_WARN_SUSPICIOUS_MOVE = YES;
				CLANG_WARN_UNREACHABLE_CODE = YES;
				CLANG_WARN__DUPLICATE_METHOD_MATCH = YES;
				"CODE_SIGN_IDENTITY[sdk=iphoneos*]" = "iPhone Developer";
				COPY_PHASE_STRIP = NO;
				DEBUG_INFORMATION_FORMAT = "dwarf-with-dsym";
				ENABLE_STRICT_OBJC_MSGSEND = YES;
				ENABLE_TESTABILITY = YES;
				GCC_C_LANGUAGE_STANDARD = gnu99;
				GCC_DYNAMIC_NO_PIC = NO;
				GCC_NO_COMMON_BLOCKS = YES;
				GCC_OPTIMIZATION_LEVEL = 0;
				GCC_PREPROCESSOR_DEFINITIONS = (
					"DEBUG=1",
					"$(inherited)",
				);
				GCC_SYMBOLS_PRIVATE_EXTERN = NO;
				GCC_WARN_64_TO_32_BIT_CONVERSION = YES;
				GCC_WARN_ABOUT_RETURN_TYPE = YES_ERROR;
				GCC_WARN_UNDECLARED_SELECTOR = YES;
				GCC_WARN_UNINITIALIZED_AUTOS = YES_AGGRESSIVE;
				GCC_WARN_UNUSED_FUNCTION = YES;
				GCC_WARN_UNUSED_VARIABLE = YES;
				IPHONEOS_DEPLOYMENT_TARGET = 8.3;
				MTL_ENABLE_DEBUG_INFO = YES;
				ONLY_ACTIVE_ARCH = YES;
				SDKROOT = iphoneos;
			};
			name = Debug;
		};
		7E3FEFE51B26E6610003ADD4 /* Release */ = {
			isa = XCBuildConfiguration;
			buildSettings = {
				ALWAYS_SEARCH_USER_PATHS = NO;
				CLANG_CXX_LANGUAGE_STANDARD = "gnu++0x";
				CLANG_CXX_LIBRARY = "libc++";
				CLANG_ENABLE_MODULES = YES;
				CLANG_ENABLE_OBJC_ARC = YES;
				CLANG_WARN_BLOCK_CAPTURE_AUTORELEASING = YES;
				CLANG_WARN_BOOL_CONVERSION = YES;
				CLANG_WARN_COMMA = YES;
				CLANG_WARN_CONSTANT_CONVERSION = YES;
				CLANG_WARN_DEPRECATED_OBJC_IMPLEMENTATIONS = YES;
				CLANG_WARN_DIRECT_OBJC_ISA_USAGE = YES_ERROR;
				CLANG_WARN_EMPTY_BODY = YES;
				CLANG_WARN_ENUM_CONVERSION = YES;
				CLANG_WARN_INFINITE_RECURSION = YES;
				CLANG_WARN_INT_CONVERSION = YES;
				CLANG_WARN_NON_LITERAL_NULL_CONVERSION = YES;
				CLANG_WARN_OBJC_IMPLICIT_RETAIN_SELF = YES;
				CLANG_WARN_OBJC_LITERAL_CONVERSION = YES;
				CLANG_WARN_OBJC_ROOT_CLASS = YES_ERROR;
				CLANG_WARN_RANGE_LOOP_ANALYSIS = YES;
				CLANG_WARN_STRICT_PROTOTYPES = YES;
				CLANG_WARN_SUSPICIOUS_MOVE = YES;
				CLANG_WARN_UNREACHABLE_CODE = YES;
				CLANG_WARN__DUPLICATE_METHOD_MATCH = YES;
				"CODE_SIGN_IDENTITY[sdk=iphoneos*]" = "iPhone Developer";
				COPY_PHASE_STRIP = NO;
				DEBUG_INFORMATION_FORMAT = "dwarf-with-dsym";
				ENABLE_NS_ASSERTIONS = NO;
				ENABLE_STRICT_OBJC_MSGSEND = YES;
				GCC_C_LANGUAGE_STANDARD = gnu99;
				GCC_NO_COMMON_BLOCKS = YES;
				GCC_WARN_64_TO_32_BIT_CONVERSION = YES;
				GCC_WARN_ABOUT_RETURN_TYPE = YES_ERROR;
				GCC_WARN_UNDECLARED_SELECTOR = YES;
				GCC_WARN_UNINITIALIZED_AUTOS = YES_AGGRESSIVE;
				GCC_WARN_UNUSED_FUNCTION = YES;
				GCC_WARN_UNUSED_VARIABLE = YES;
				IPHONEOS_DEPLOYMENT_TARGET = 8.3;
				MTL_ENABLE_DEBUG_INFO = NO;
				SDKROOT = iphoneos;
				VALIDATE_PRODUCT = YES;
			};
			name = Release;
		};
		7E3FEFE71B26E6610003ADD4 /* Debug */ = {
			isa = XCBuildConfiguration;
			buildSettings = {
				ASSETCATALOG_COMPILER_APPICON_NAME = AppIcon;
				DEVELOPMENT_TEAM = 9MDFP7US47;
				INFOPLIST_FILE = RefreshView/Info.plist;
				IPHONEOS_DEPLOYMENT_TARGET = 8.0;
				LD_RUNPATH_SEARCH_PATHS = "$(inherited) @executable_path/Frameworks";
				PRODUCT_BUNDLE_IDENTIFIER = com.leospace.LRLoadController;
				PRODUCT_NAME = "$(TARGET_NAME)";
			};
			name = Debug;
		};
		7E3FEFE81B26E6610003ADD4 /* Release */ = {
			isa = XCBuildConfiguration;
			buildSettings = {
				ASSETCATALOG_COMPILER_APPICON_NAME = AppIcon;
				DEVELOPMENT_TEAM = 9MDFP7US47;
				INFOPLIST_FILE = RefreshView/Info.plist;
				IPHONEOS_DEPLOYMENT_TARGET = 8.0;
				LD_RUNPATH_SEARCH_PATHS = "$(inherited) @executable_path/Frameworks";
				PRODUCT_BUNDLE_IDENTIFIER = com.leospace.LRLoadController;
				PRODUCT_NAME = "$(TARGET_NAME)";
			};
			name = Release;
		};
		7E3FEFEA1B26E6610003ADD4 /* Debug */ = {
			isa = XCBuildConfiguration;
			buildSettings = {
				BUNDLE_LOADER = "$(TEST_HOST)";
				FRAMEWORK_SEARCH_PATHS = (
					"$(SDKROOT)/Developer/Library/Frameworks",
					"$(inherited)",
				);
				GCC_PREPROCESSOR_DEFINITIONS = (
					"DEBUG=1",
					"$(inherited)",
				);
				INFOPLIST_FILE = RefreshViewTests/Info.plist;
				LD_RUNPATH_SEARCH_PATHS = "$(inherited) @executable_path/Frameworks @loader_path/Frameworks";
				PRODUCT_BUNDLE_IDENTIFIER = "com.ileo.$(PRODUCT_NAME:rfc1034identifier)";
				PRODUCT_NAME = "$(TARGET_NAME)";
				TEST_HOST = "$(BUILT_PRODUCTS_DIR)/RefreshView.app/RefreshView";
			};
			name = Debug;
		};
		7E3FEFEB1B26E6610003ADD4 /* Release */ = {
			isa = XCBuildConfiguration;
			buildSettings = {
				BUNDLE_LOADER = "$(TEST_HOST)";
				FRAMEWORK_SEARCH_PATHS = (
					"$(SDKROOT)/Developer/Library/Frameworks",
					"$(inherited)",
				);
				INFOPLIST_FILE = RefreshViewTests/Info.plist;
				LD_RUNPATH_SEARCH_PATHS = "$(inherited) @executable_path/Frameworks @loader_path/Frameworks";
				PRODUCT_BUNDLE_IDENTIFIER = "com.ileo.$(PRODUCT_NAME:rfc1034identifier)";
				PRODUCT_NAME = "$(TARGET_NAME)";
				TEST_HOST = "$(BUILT_PRODUCTS_DIR)/RefreshView.app/RefreshView";
			};
			name = Release;
		};
/* End XCBuildConfiguration section */

/* Begin XCConfigurationList section */
		7E3FEFBE1B26E6600003ADD4 /* Build configuration list for PBXProject "RefreshView" */ = {
			isa = XCConfigurationList;
			buildConfigurations = (
				7E3FEFE41B26E6610003ADD4 /* Debug */,
				7E3FEFE51B26E6610003ADD4 /* Release */,
			);
			defaultConfigurationIsVisible = 0;
			defaultConfigurationName = Release;
		};
		7E3FEFE61B26E6610003ADD4 /* Build configuration list for PBXNativeTarget "RefreshView" */ = {
			isa = XCConfigurationList;
			buildConfigurations = (
				7E3FEFE71B26E6610003ADD4 /* Debug */,
				7E3FEFE81B26E6610003ADD4 /* Release */,
			);
			defaultConfigurationIsVisible = 0;
			defaultConfigurationName = Release;
		};
		7E3FEFE91B26E6610003ADD4 /* Build configuration list for PBXNativeTarget "RefreshViewTests" */ = {
			isa = XCConfigurationList;
			buildConfigurations = (
				7E3FEFEA1B26E6610003ADD4 /* Debug */,
				7E3FEFEB1B26E6610003ADD4 /* Release */,
			);
			defaultConfigurationIsVisible = 0;
			defaultConfigurationName = Release;
		};
/* End XCConfigurationList section */
	};
	rootObject = 7E3FEFBB1B26E6600003ADD4 /* Project object */;
}
